github.com/google/go-cmp v0.6.0 h1:ofyhxvXcZhMsU5ulbFiLKl/XBFqE1GSq7atu8tAmTRI=
github.com/google/go-cmp v0.6.0/go.mod h1:17dUlkBOakJ0+DkrSSNjCkIjxS6bF9zb3elmeNGIjoY=
golang.org/x/exp v0.0.0-20251113190631-e25ba8c21ef6 h1:zfMcR1Cs4KNuomFFgGefv5N0czO2XZpUbxGUy8i8ug0=
golang.org/x/exp v0.0.0-20251113190631-e25ba8c21ef6/go.mod h1:46edojNIoXTNOhySWIWdix628clX9ODXwPsQuG6hsK0=
golang.org/x/net v0.47.0 h1:Mx+4dIFzqraBXUugkia1OOvlD6LemFo1ALMHjrXDOhY=
golang.org/x/net v0.47.0/go.mod h1:/jNxtkgq5yWUGYkaZGqo27cfGZ1c5Nen03aYrrKpVRU=
